// !$*UTF8*$!
{
	archiveVersion = 1;
	classes = {
	};
	objectVersion = 55;
	objects = {

/* Begin PBXBuildFile section */
		F35E949A278DF9A200C0EA8C /* RootContentView.swift in Sources */ = {isa = PBXBuildFile; fileRef = F35E9499278DF9A200C0EA8C /* RootContentView.swift */; };
		F35E949B278DF9A200C0EA8C /* RootContentView.swift in Sources */ = {isa = PBXBuildFile; fileRef = F35E9499278DF9A200C0EA8C /* RootContentView.swift */; };
		F3A3DA2C278DD8F6008667FC /* WebView.swift in Sources */ = {isa = PBXBuildFile; fileRef = F3A3DA1A278DD8F4008667FC /* WebView.swift */; };
		F3A3DA2D278DD8F6008667FC /* Assets.xcassets in Resources */ = {isa = PBXBuildFile; fileRef = F3A3DA1B278DD8F6008667FC /* Assets.xcassets */; };
		F3A3DA2E278DD8F6008667FC /* Assets.xcassets in Resources */ = {isa = PBXBuildFile; fileRef = F3A3DA1B278DD8F6008667FC /* Assets.xcassets */; };
		F3A3DA39278DDAC1008667FC /* MfunsWebApp.swift in Sources */ = {isa = PBXBuildFile; fileRef = F3A3DA38278DDAC1008667FC /* MfunsWebApp.swift */; };
		F3A3DA3A278DDAC1008667FC /* MfunsWebApp.swift in Sources */ = {isa = PBXBuildFile; fileRef = F3A3DA38278DDAC1008667FC /* MfunsWebApp.swift */; };
		F3A3DA3F278DE0E2008667FC /* WebView.swift in Sources */ = {isa = PBXBuildFile; fileRef = F3A3DA3E278DE0E2008667FC /* WebView.swift */; };
/* End PBXBuildFile section */

/* Begin PBXFileReference section */
		F35E9499278DF9A200C0EA8C /* RootContentView.swift */ = {isa = PBXFileReference; lastKnownFileType = sourcecode.swift; path = RootContentView.swift; sourceTree = "<group>"; };
		F3A3DA1A278DD8F4008667FC /* WebView.swift */ = {isa = PBXFileReference; lastKnownFileType = sourcecode.swift; path = WebView.swift; sourceTree = "<group>"; };
		F3A3DA1B278DD8F6008667FC /* Assets.xcassets */ = {isa = PBXFileReference; lastKnownFileType = folder.assetcatalog; path = Assets.xcassets; sourceTree = "<group>"; };
		F3A3DA20278DD8F6008667FC /* 喵御宅.app */ = {isa = PBXFileReference; explicitFileType = wrapper.application; includeInIndex = 0; path = "喵御宅.app"; sourceTree = BUILT_PRODUCTS_DIR; };
		F3A3DA26278DD8F6008667FC /* webapp.app */ = {isa = PBXFileReference; explicitFileType = wrapper.application; includeInIndex = 0; path = webapp.app; sourceTree = BUILT_PRODUCTS_DIR; };
		F3A3DA28278DD8F6008667FC /* macOS.entitlements */ = {isa = PBXFileReference; lastKnownFileType = text.plist.entitlements; path = macOS.entitlements; sourceTree = "<group>"; };
		F3A3DA37278DDA4B008667FC /* webapp--iOS--Info.plist */ = {isa = PBXFileReference; lastKnownFileType = text.plist; path = "webapp--iOS--Info.plist"; sourceTree = "<group>"; };
		F3A3DA38278DDAC1008667FC /* MfunsWebApp.swift */ = {isa = PBXFileReference; lastKnownFileType = sourcecode.swift; path = MfunsWebApp.swift; sourceTree = "<group>"; };
		F3A3DA3E278DE0E2008667FC /* WebView.swift */ = {isa = PBXFileReference; lastKnownFileType = sourcecode.swift; path = WebView.swift; sourceTree = "<group>"; };
/* End PBXFileReference section */

/* Begin PBXFrameworksBuildPhase section */
		F3A3DA1D278DD8F6008667FC /* Frameworks */ = {
			isa = PBXFrameworksBuildPhase;
			buildActionMask = 2147483647;
			files = (
			);
			runOnlyForDeploymentPostprocessing = 0;
		};
		F3A3DA23278DD8F6008667FC /* Frameworks */ = {
			isa = PBXFrameworksBuildPhase;
			buildActionMask = 2147483647;
			files = (
			);
			runOnlyForDeploymentPostprocessing = 0;
		};
/* End PBXFrameworksBuildPhase section */

/* Begin PBXGroup section */
		F3A3DA13278DD8F4008667FC = {
			isa = PBXGroup;
			children = (
				F3A3DA3D278DE0CC008667FC /* iOS */,
				F3A3DA37278DDA4B008667FC /* webapp--iOS--Info.plist */,
				F3A3DA18278DD8F4008667FC /* Shared */,
				F3A3DA27278DD8F6008667FC /* macOS */,
				F3A3DA21278DD8F6008667FC /* Products */,
			);
			sourceTree = "<group>";
		};
		F3A3DA18278DD8F4008667FC /* Shared */ = {
			isa = PBXGroup;
			children = (
				F3A3DA1B278DD8F6008667FC /* Assets.xcassets */,
				F3A3DA38278DDAC1008667FC /* MfunsWebApp.swift */,
				F35E9499278DF9A200C0EA8C /* RootContentView.swift */,
			);
			path = Shared;
			sourceTree = "<group>";
		};
		F3A3DA21278DD8F6008667FC /* Products */ = {
			isa = PBXGroup;
			children = (
				F3A3DA20278DD8F6008667FC /* 喵御宅.app */,
				F3A3DA26278DD8F6008667FC /* webapp.app */,
			);
			name = Products;
			sourceTree = "<group>";
		};
		F3A3DA27278DD8F6008667FC /* macOS */ = {
			isa = PBXGroup;
			children = (
				F3A3DA1A278DD8F4008667FC /* WebView.swift */,
				F3A3DA28278DD8F6008667FC /* macOS.entitlements */,
			);
			path = macOS;
			sourceTree = "<group>";
		};
		F3A3DA3D278DE0CC008667FC /* iOS */ = {
			isa = PBXGroup;
			children = (
				F3A3DA3E278DE0E2008667FC /* WebView.swift */,
			);
			path = iOS;
			sourceTree = "<group>";
		};
/* End PBXGroup section */

/* Begin PBXNativeTarget section */
		F3A3DA1F278DD8F6008667FC /* webapp (iOS) */ = {
			isa = PBXNativeTarget;
			buildConfigurationList = F3A3DA31278DD8F6008667FC /* Build configuration list for PBXNativeTarget "webapp (iOS)" */;
			buildPhases = (
				F3A3DA1C278DD8F6008667FC /* Sources */,
				F3A3DA1D278DD8F6008667FC /* Frameworks */,
				F3A3DA1E278DD8F6008667FC /* Resources */,
			);
			buildRules = (
			);
			dependencies = (
			);
			name = "webapp (iOS)";
			productName = "webapp (iOS)";
			productReference = F3A3DA20278DD8F6008667FC /* 喵御宅.app */;
			productType = "com.apple.product-type.application";
		};
		F3A3DA25278DD8F6008667FC /* webapp (macOS) */ = {
			isa = PBXNativeTarget;
			buildConfigurationList = F3A3DA34278DD8F6008667FC /* Build configuration list for PBXNativeTarget "webapp (macOS)" */;
			buildPhases = (
				F3A3DA22278DD8F6008667FC /* Sources */,
				F3A3DA23278DD8F6008667FC /* Frameworks */,
				F3A3DA24278DD8F6008667FC /* Resources */,
			);
			buildRules = (
			);
			dependencies = (
			);
			name = "webapp (macOS)";
			productName = "webapp (macOS)";
			productReference = F3A3DA26278DD8F6008667FC /* webapp.app */;
			productType = "com.apple.product-type.application";
		};
/* End PBXNativeTarget section */

/* Begin PBXProject section */
		F3A3DA14278DD8F4008667FC /* Project object */ = {
			isa = PBXProject;
			attributes = {
				BuildIndependentTargetsInParallel = 1;
				LastSwiftUpdateCheck = 1300;
				LastUpgradeCheck = 1320;
				TargetAttributes = {
					F3A3DA1F278DD8F6008667FC = {
						CreatedOnToolsVersion = 13.0;
					};
					F3A3DA25278DD8F6008667FC = {
						CreatedOnToolsVersion = 13.0;
					};
				};
			};
			buildConfigurationList = F3A3DA17278DD8F4008667FC /* Build configuration list for PBXProject "webapp" */;
			compatibilityVersion = "Xcode 13.0";
			developmentRegion = en;
			hasScannedForEncodings = 0;
			knownRegions = (
				en,
				Base,
			);
			mainGroup = F3A3DA13278DD8F4008667FC;
			productRefGroup = F3A3DA21278DD8F6008667FC /* Products */;
			projectDirPath = "";
			projectRoot = "";
			targets = (
				F3A3DA1F278DD8F6008667FC /* webapp (iOS) */,
				F3A3DA25278DD8F6008667FC /* webapp (macOS) */,
			);
		};
/* End PBXProject section */

/* Begin PBXResourcesBuildPhase section */
		F3A3DA1E278DD8F6008667FC /* Resources */ = {
			isa = PBXResourcesBuildPhase;
			buildActionMask = 2147483647;
			files = (
				F3A3DA2D278DD8F6008667FC /* Assets.xcassets in Resources */,
			);
			runOnlyForDeploymentPostprocessing = 0;
		};
		F3A3DA24278DD8F6008667FC /* Resources */ = {
			isa = PBXResourcesBuildPhase;
			buildActionMask = 2147483647;
			files = (
				F3A3DA2E278DD8F6008667FC /* Assets.xcassets in Resources */,
			);
			runOnlyForDeploymentPostprocessing = 0;
		};
/* End PBXResourcesBuildPhase section */

/* Begin PBXSourcesBuildPhase section */
		F3A3DA1C278DD8F6008667FC /* Sources */ = {
			isa = PBXSourcesBuildPhase;
			buildActionMask = 2147483647;
			files = (
				F35E949A278DF9A200C0EA8C /* RootContentView.swift in Sources */,
				F3A3DA39278DDAC1008667FC /* MfunsWebApp.swift in Sources */,
				F3A3DA3F278DE0E2008667FC /* WebView.swift in Sources */,
			);
			runOnlyForDeploymentPostprocessing = 0;
		};
		F3A3DA22278DD8F6008667FC /* Sources */ = {
			isa = PBXSourcesBuildPhase;
			buildActionMask = 2147483647;
			files = (
				F35E949B278DF9A200C0EA8C /* RootContentView.swift in Sources */,
				F3A3DA3A278DDAC1008667FC /* MfunsWebApp.swift in Sources */,
				F3A3DA2C278DD8F6008667FC /* WebView.swift in Sources */,
			);
			runOnlyForDeploymentPostprocessing = 0;
		};
/* End PBXSourcesBuildPhase section */

/* Begin XCBuildConfiguration section */
		F3A3DA2F278DD8F6008667FC /* Debug */ = {
			isa = XCBuildConfiguration;
			buildSettings = {
				ALWAYS_SEARCH_USER_PATHS = NO;
				CLANG_ANALYZER_NONNULL = YES;
				CLANG_ANALYZER_NUMBER_OBJECT_CONVERSION = YES_AGGRESSIVE;
				CLANG_CXX_LANGUAGE_STANDARD = "gnu++17";
				CLANG_CXX_LIBRARY = "libc++";
				CLANG_ENABLE_MODULES = YES;
				CLANG_ENABLE_OBJC_ARC = YES;
				CLANG_ENABLE_OBJC_WEAK = YES;
				CLANG_WARN_BLOCK_CAPTURE_AUTORELEASING = YES;
				CLANG_WARN_BOOL_CONVERSION = YES;
				CLANG_WARN_COMMA = YES;
				CLANG_WARN_CONSTANT_CONVERSION = YES;
				CLANG_WARN_DEPRECATED_OBJC_IMPLEMENTATIONS = YES;
				CLANG_WARN_DIRECT_OBJC_ISA_USAGE = YES_ERROR;
				CLANG_WARN_DOCUMENTATION_COMMENTS = YES;
				CLANG_WARN_EMPTY_BODY = YES;
				CLANG_WARN_ENUM_CONVERSION = YES;
				CLANG_WARN_INFINITE_RECURSION = YES;
				CLANG_WARN_INT_CONVERSION = YES;
				CLANG_WARN_NON_LITERAL_NULL_CONVERSION = YES;
				CLANG_WARN_OBJC_IMPLICIT_RETAIN_SELF = YES;
				CLANG_WARN_OBJC_LITERAL_CONVERSION = YES;
				CLANG_WARN_OBJC_ROOT_CLASS = YES_ERROR;
				CLANG_WARN_QUOTED_INCLUDE_IN_FRAMEWORK_HEADER = YES;
				CLANG_WARN_RANGE_LOOP_ANALYSIS = YES;
				CLANG_WARN_STRICT_PROTOTYPES = YES;
				CLANG_WARN_SUSPICIOUS_MOVE = YES;
				CLANG_WARN_UNGUARDED_AVAILABILITY = YES_AGGRESSIVE;
				CLANG_WARN_UNREACHABLE_CODE = YES;
				CLANG_WARN__DUPLICATE_METHOD_MATCH = YES;
				COPY_PHASE_STRIP = NO;
				DEBUG_INFORMATION_FORMAT = dwarf;
				ENABLE_STRICT_OBJC_MSGSEND = YES;
				ENABLE_TESTABILITY = YES;
				GCC_C_LANGUAGE_STANDARD = gnu11;
				GCC_DYNAMIC_NO_PIC = NO;
				GCC_NO_COMMON_BLOCKS = YES;
				GCC_OPTIMIZATION_LEVEL = 0;
				GCC_PREPROCESSOR_DEFINITIONS = (
					"DEBUG=1",
					"$(inherited)",
				);
				GCC_WARN_64_TO_32_BIT_CONVERSION = YES;
				GCC_WARN_ABOUT_RETURN_TYPE = YES_ERROR;
				GCC_WARN_UNDECLARED_SELECTOR = YES;
				GCC_WARN_UNINITIALIZED_AUTOS = YES_AGGRESSIVE;
				GCC_WARN_UNUSED_FUNCTION = YES;
				GCC_WARN_UNUSED_VARIABLE = YES;
				MTL_ENABLE_DEBUG_INFO = INCLUDE_SOURCE;
				MTL_FAST_MATH = YES;
				ONLY_ACTIVE_ARCH = YES;
				SWIFT_ACTIVE_COMPILATION_CONDITIONS = DEBUG;
				SWIFT_OPTIMIZATION_LEVEL = "-Onone";
			};
			name = Debug;
		};
		F3A3DA30278DD8F6008667FC /* Release */ = {
			isa = XCBuildConfiguration;
			buildSettings = {
				ALWAYS_SEARCH_USER_PATHS = NO;
				CLANG_ANALYZER_NONNULL = YES;
				CLANG_ANALYZER_NUMBER_OBJECT_CONVERSION = YES_AGGRESSIVE;
				CLANG_CXX_LANGUAGE_STANDARD = "gnu++17";
				CLANG_CXX_LIBRARY = "libc++";
				CLANG_ENABLE_MODULES = YES;
				CLANG_ENABLE_OBJC_ARC = YES;
				CLANG_ENABLE_OBJC_WEAK = YES;
				CLANG_WARN_BLOCK_CAPTURE_AUTORELEASING = YES;
				CLANG_WARN_BOOL_CONVERSION = YES;
				CLANG_WARN_COMMA = YES;
				CLANG_WARN_CONSTANT_CONVERSION = YES;
				CLANG_WARN_DEPRECATED_OBJC_IMPLEMENTATIONS = YES;
				CLANG_WARN_DIRECT_OBJC_ISA_USAGE = YES_ERROR;
				CLANG_WARN_DOCUMENTATION_COMMENTS = YES;
				CLANG_WARN_EMPTY_BODY = YES;
				CLANG_WARN_ENUM_CONVERSION = YES;
				CLANG_WARN_INFINITE_RECURSION = YES;
				CLANG_WARN_INT_CONVERSION = YES;
				CLANG_WARN_NON_LITERAL_NULL_CONVERSION = YES;
				CLANG_WARN_OBJC_IMPLICIT_RETAIN_SELF = YES;
				CLANG_WARN_OBJC_LITERAL_CONVERSION = YES;
				CLANG_WARN_OBJC_ROOT_CLASS = YES_ERROR;
				CLANG_WARN_QUOTED_INCLUDE_IN_FRAMEWORK_HEADER = YES;
				CLANG_WARN_RANGE_LOOP_ANALYSIS = YES;
				CLANG_WARN_STRICT_PROTOTYPES = YES;
				CLANG_WARN_SUSPICIOUS_MOVE = YES;
				CLANG_WARN_UNGUARDED_AVAILABILITY = YES_AGGRESSIVE;
				CLANG_WARN_UNREACHABLE_CODE = YES;
				CLANG_WARN__DUPLICATE_METHOD_MATCH = YES;
				COPY_PHASE_STRIP = NO;
				DEBUG_INFORMATION_FORMAT = "dwarf-with-dsym";
				ENABLE_NS_ASSERTIONS = NO;
				ENABLE_STRICT_OBJC_MSGSEND = YES;
				GCC_C_LANGUAGE_STANDARD = gnu11;
				GCC_NO_COMMON_BLOCKS = YES;
				GCC_WARN_64_TO_32_BIT_CONVERSION = YES;
				GCC_WARN_ABOUT_RETURN_TYPE = YES_ERROR;
				GCC_WARN_UNDECLARED_SELECTOR = YES;
				GCC_WARN_UNINITIALIZED_AUTOS = YES_AGGRESSIVE;
				GCC_WARN_UNUSED_FUNCTION = YES;
				GCC_WARN_UNUSED_VARIABLE = YES;
				MTL_ENABLE_DEBUG_INFO = NO;
				MTL_FAST_MATH = YES;
				SWIFT_COMPILATION_MODE = wholemodule;
				SWIFT_OPTIMIZATION_LEVEL = "-O";
			};
			name = Release;
		};
		F3A3DA32278DD8F6008667FC /* Debug */ = {
			isa = XCBuildConfiguration;
			buildSettings = {
				ASSETCATALOG_COMPILER_APPICON_NAME = AppIcon;
				ASSETCATALOG_COMPILER_GLOBAL_ACCENT_COLOR_NAME = AccentColor;
				CODE_SIGN_STYLE = Automatic;
				CURRENT_PROJECT_VERSION = 1;
				DEVELOPMENT_TEAM = G45S6JPGUJ;
				ENABLE_PREVIEWS = YES;
				GENERATE_INFOPLIST_FILE = YES;
				INFOPLIST_FILE = "webapp--iOS--Info.plist";
				INFOPLIST_KEY_UIApplicationSceneManifest_Generation = YES;
				INFOPLIST_KEY_UIApplicationSupportsIndirectInputEvents = YES;
				INFOPLIST_KEY_UILaunchScreen_Generation = YES;
				INFOPLIST_KEY_UISupportedInterfaceOrientations_iPad = "UIInterfaceOrientationPortrait UIInterfaceOrientationPortraitUpsideDown UIInterfaceOrientationLandscapeLeft UIInterfaceOrientationLandscapeRight";
				INFOPLIST_KEY_UISupportedInterfaceOrientations_iPhone = "UIInterfaceOrientationPortrait UIInterfaceOrientationLandscapeLeft UIInterfaceOrientationLandscapeRight";
				IPHONEOS_DEPLOYMENT_TARGET = 14.0;
				LD_RUNPATH_SEARCH_PATHS = (
					"$(inherited)",
					"@executable_path/Frameworks",
				);
				MARKETING_VERSION = 0.1;
				PRODUCT_BUNDLE_IDENTIFIER = cn.mfuns.cocoa.webapp;
				PRODUCT_NAME = "喵御宅";
				SDKROOT = iphoneos;
				SWIFT_EMIT_LOC_STRINGS = YES;
				SWIFT_VERSION = 5.0;
				TARGETED_DEVICE_FAMILY = "1,2";
			};
			name = Debug;
		};
		F3A3DA33278DD8F6008667FC /* Release */ = {
			isa = XCBuildConfiguration;
			buildSettings = {
				ASSETCATALOG_COMPILER_APPICON_NAME = AppIcon;
				ASSETCATALOG_COMPILER_GLOBAL_ACCENT_COLOR_NAME = AccentColor;
				CODE_SIGN_STYLE = Automatic;
				CURRENT_PROJECT_VERSION = 1;
				DEVELOPMENT_TEAM = G45S6JPGUJ;
				ENABLE_PREVIEWS = YES;
				GENERATE_INFOPLIST_FILE = YES;
				INFOPLIST_FILE = "webapp--iOS--Info.plist";
				INFOPLIST_KEY_UIApplicationSceneManifest_Generation = YES;
				INFOPLIST_KEY_UIApplicationSupportsIndirectInputEvents = YES;
				INFOPLIST_KEY_UILaunchScreen_Generation = YES;
				INFOPLIST_KEY_UISupportedInterfaceOrientations_iPad = "UIInterfaceOrientationPortrait UIInterfaceOrientationPortraitUpsideDown UIInterfaceOrientationLandscapeLeft UIInterfaceOrientationLandscapeRight";
				INFOPLIST_KEY_UISupportedInterfaceOrientations_iPhone = "UIInterfaceOrientationPortrait UIInterfaceOrientationLandscapeLeft UIInterfaceOrientationLandscapeRight";
				IPHONEOS_DEPLOYMENT_TARGET = 14.0;
				LD_RUNPATH_SEARCH_PATHS = (
					"$(inherited)",
					"@executable_path/Frameworks",
				);
				MARKETING_VERSION = 0.1;
				PRODUCT_BUNDLE_IDENTIFIER = cn.mfuns.cocoa.webapp;
				PRODUCT_NAME = "喵御宅";
				SDKROOT = iphoneos;
				SWIFT_EMIT_LOC_STRINGS = YES;
				SWIFT_VERSION = 5.0;
				TARGETED_DEVICE_FAMILY = "1,2";
				VALIDATE_PRODUCT = YES;
			};
			name = Release;
		};
		F3A3DA35278DD8F6008667FC /* Debug */ = {
			isa = XCBuildConfiguration;
			buildSettings = {
				ASSETCATALOG_COMPILER_APPICON_NAME = AppIcon;
				ASSETCATALOG_COMPILER_GLOBAL_ACCENT_COLOR_NAME = AccentColor;
				CODE_SIGN_ENTITLEMENTS = macOS/macOS.entitlements;
				CODE_SIGN_IDENTITY = "-";
				CODE_SIGN_STYLE = Automatic;
				COMBINE_HIDPI_IMAGES = YES;
				CURRENT_PROJECT_VERSION = 1;
				ENABLE_PREVIEWS = YES;
				GENERATE_INFOPLIST_FILE = YES;
				INFOPLIST_KEY_LSApplicationCategoryType = "public.app-category.video";
				INFOPLIST_KEY_NSHumanReadableCopyright = "";
				LD_RUNPATH_SEARCH_PATHS = (
					"$(inherited)",
					"@executable_path/../Frameworks",
				);
				MACOSX_DEPLOYMENT_TARGET = 11.0;
				MARKETING_VERSION = 1.0;
				PRODUCT_BUNDLE_IDENTIFIER = cn.mfuns.cocoa.webapp;
				PRODUCT_NAME = webapp;
				SDKROOT = macosx;
				SWIFT_EMIT_LOC_STRINGS = YES;
				SWIFT_VERSION = 5.0;
			};
			name = Debug;
		};
		F3A3DA36278DD8F6008667FC /* Release */ = {
			isa = XCBuildConfiguration;
			buildSettings = {
				ASSETCATALOG_COMPILER_APPICON_NAME = AppIcon;
				ASSETCATALOG_COMPILER_GLOBAL_ACCENT_COLOR_NAME = AccentColor;
				CODE_SIGN_ENTITLEMENTS = macOS/macOS.entitlements;
				CODE_SIGN_IDENTITY = "-";
				CODE_SIGN_STYLE = Automatic;
				COMBINE_HIDPI_IMAGES = YES;
				CURRENT_PROJECT_VERSION = 1;
				ENABLE_PREVIEWS = YES;
				GENERATE_INFOPLIST_FILE = YES;
				INFOPLIST_KEY_LSApplicationCategoryType = "public.app-category.video";
				INFOPLIST_KEY_NSHumanReadableCopyright = "";
				LD_RUNPATH_SEARCH_PATHS = (
					"$(inherited)",
					"@executable_path/../Frameworks",
				);
				MACOSX_DEPLOYMENT_TARGET = 11.0;
				MARKETING_VERSION = 1.0;
				PRODUCT_BUNDLE_IDENTIFIER = cn.mfuns.cocoa.webapp;
				PRODUCT_NAME = webapp;
				SDKROOT = macosx;
				SWIFT_EMIT_LOC_STRINGS = YES;
				SWIFT_VERSION = 5.0;
			};
			name = Release;
		};
/* End XCBuildConfiguration section */

/* Begin XCConfigurationList section */
		F3A3DA17278DD8F4008667FC /* Build configuration list for PBXProject "webapp" */ = {
			isa = XCConfigurationList;
			buildConfigurations = (
				F3A3DA2F278DD8F6008667FC /* Debug */,
				F3A3DA30278DD8F6008667FC /* Release */,
			);
			defaultConfigurationIsVisible = 0;
			defaultConfigurationName = Release;
		};
		F3A3DA31278DD8F6008667FC /* Build configuration list for PBXNativeTarget "webapp (iOS)" */ = {
			isa = XCConfigurationList;
			buildConfigurations = (
				F3A3DA32278DD8F6008667FC /* Debug */,
				F3A3DA33278DD8F6008667FC /* Release */,
			);
			defaultConfigurationIsVisible = 0;
			defaultConfigurationName = Release;
		};
		F3A3DA34278DD8F6008667FC /* Build configuration list for PBXNativeTarget "webapp (macOS)" */ = {
			isa = XCConfigurationList;
			buildConfigurations = (
				F3A3DA35278DD8F6008667FC /* Debug */,
				F3A3DA36278DD8F6008667FC /* Release */,
			);
			defaultConfigurationIsVisible = 0;
			defaultConfigurationName = Release;
		};
/* End XCConfigurationList section */
	};
	rootObject = F3A3DA14278DD8F4008667FC /* Project object */;
}
